{
  "name": "server",
  "version": "1.0.0",
  "lockfileVersion": 3,
  "requires": true,
  "packages": {
    "": {
      "name": "server",
      "version": "1.0.0",
      "license": "ISC",
      "dependencies": {
        "cors": "^2.8.5",
        "dotenv": "^16.5.0",
        "express": "^5.1.0",
        "mongoose": "^8.14.0"
      },
      "devDependencies": {}
    }
  }
}
